lockfileVersion: '9.0'

settings:
  autoInstallPeers: true
  excludeLinksFromLockfile: false

importers:

  .:
    dependencies:
      '@aws-sdk/client-s3':
        specifier: ^3.1049.0
        version: 3.1049.0
      obsidian:
        specifier: 1.12.3
        version: 1.12.3(@codemirror/state@6.5.0)(@codemirror/view@6.38.6)
    devDependencies:
      '@types/node':
        specifier: ^24.1.0
        version: 24.12.4
      oxfmt:
        specifier: ^0.47.0
        version: 0.47.0
      oxlint:
        specifier: ^1.67.0
        version: 1.67.0
      rolldown:
        specifier: 1.0.0-rc.18
        version: 1.0.0-rc.18
      typescript:
        specifier: ^5.9.3
        version: 5.9.3

packages:

  '@aws-crypto/crc32@5.2.0':
    resolution: {integrity: sha512-nLbCWqQNgUiwwtFsen1AdzAtvuLRsQS8rYgMuxCrdKf9kOssamGLuPwyTY9wyYblNr9+1XM8v6zoDTPPSIeANg==}
    engines: {node: '>=16.0.0'}

  '@aws-crypto/crc32c@5.2.0':
    resolution: {integrity: sha512-+iWb8qaHLYKrNvGRbiYRHSdKRWhto5XlZUEBwDjYNf+ly5SVYG6zEoYIdxvf5R3zyeP16w4PLBn3rH1xc74Rag==}

  '@aws-crypto/sha1-browser@5.2.0':
    resolution: {integrity: sha512-OH6lveCFfcDjX4dbAvCFSYUjJZjDr/3XJ3xHtjn3Oj5b9RjojQo8npoLeA/bNwkOkrSQ0wgrHzXk4tDRxGKJeg==}

  '@aws-crypto/sha256-browser@5.2.0':
    resolution: {integrity: sha512-AXfN/lGotSQwu6HNcEsIASo7kWXZ5HYWvfOmSNKDsEqC4OashTp8alTmaz+F7TC2L083SFv5RdB+qU3Vs1kZqw==}

  '@aws-crypto/sha256-js@5.2.0':
    resolution: {integrity: sha512-FFQQyu7edu4ufvIZ+OadFpHHOt+eSTBaYaki44c+akjg7qZg9oOQeLlk77F6tSYqjDAFClrHJk9tMf0HdVyOvA==}
    engines: {node: '>=16.0.0'}

  '@aws-crypto/supports-web-crypto@5.2.0':
    resolution: {integrity: sha512-iAvUotm021kM33eCdNfwIN//F77/IADDSs58i+MDaOqFrVjZo9bAal0NK7HurRuWLLpF1iLX7gbWrjHjeo+YFg==}

  '@aws-crypto/util@5.2.0':
    resolution: {integrity: sha512-4RkU9EsI6ZpBve5fseQlGNUWKMa1RLPQ1dnjnQoe07ldfIzcsGb5hC5W0Dm7u423KWzawlrpbjXBrXCEv9zazQ==}

  '@aws-sdk/client-s3@3.1049.0':
    resolution: {integrity: sha512-e5ToFwYeHSfkKDPs/G0yhO7vxvfVOF6DhmlvI2xFi4m12NvjxPhaA2Y35QMaYLrw/oGPXmu9McfKnBm/oXYXbg==}
    engines: {node: '>=20.0.0'}

  '@aws-sdk/core@3.974.12':
    resolution: {integrity: sha512-qrqgioqYFjwR6LatVNS1L2Vk++EwRIxqSQXPKNv5Ofux2D8UNgqMQ1znnMyEImXquVPTtbf71fc128pvmU6y9A==}
    engines: {node: '>=20.0.0'}

  '@aws-sdk/crc64-nvme@3.972.8':
    resolution: {integrity: sha512-fVfUCL/Xh2zINYMPZvj+iBn6XWouQf0DAnjaWCI9MkmqXzL2Iy5FoQB8O7syFe6gN6AH1ecDDU58T51Ou0kFkA==}
    engines: {node: '>=20.0.0'}

  '@aws-sdk/credential-provider-env@3.972.38':
    resolution: {integrity: sha512-m3WjZEgPtioMhPmwqUt+DhlTJ2i9ufR6DhfkyXojb9puEvfR+ur2U5shavu5/Cc9WHHsDCvALi6UFHgcqjhQ5w==}
    engines: {node: '>=20.0.0'}

  '@aws-sdk/credential-provider-http@3.972.40':
    resolution: {integrity: sha512-D78L/m2Dr6cJnnSvWoAudPhQmCwmJ7j6APXsPYmFpPaKfQTfCSu0rdm8j14Np+VmXF9z8Aj8HE3xFpsrwtfgeg==}
    engines: {node: '>=20.0.0'}

  '@aws-sdk/credential-provider-ini@3.972.42':
    resolution: {integrity: sha512-Mu5ESvFXeinafVM8jTIvRqcvK2Ehj4kz3auT39yUcHwu1Vfxo6xRlmUafdKLW4tusjAJukQwK09sCSMgOm7OKg==}
    engines: {node: '>=20.0.0'}

  '@aws-sdk/credential-provider-login@3.972.42':
    resolution: {integrity: sha512-O6WkZga3kf0yqyJYd1dbeJqVhEgJx/x1UaLgtbR+XuL/YP+K5y6QTxQKL7ka9z3jnQASESKGAPnRyt4D5hQrxA==}
    engines: {node: '>=20.0.0'}

  '@aws-sdk/credential-provider-node@3.972.43':
    resolution: {integrity: sha512-D/DJmbrWRP5BXEO3FH+ar4el+2n6OlGofiud7dQun2jES+AQEJjczenp1jBb4MBN7CpGpS8nsWGQLtuzc9tQbA==}
    engines: {node: '>=20.0.0'}

  '@aws-sdk/credential-provider-process@3.972.38':
    resolution: {integrity: sha512-EnbYVajGgbkb24s0K1eo4VNAPV5mHIET7LSvirTaFCwkfrfaOJxtSE+wY/tJdKDS21cEYkZs2ruCaAm+W4iblg==}
    engines: {node: '>=20.0.0'}

  '@aws-sdk/credential-provider-sso@3.972.42':
    resolution: {integrity: sha512-RVV/9NbFwI8ZHEH5dn39lGyFmSbSVj1+orZdr6QsOe1mW9DCglmlen0cFaNZmCcqkqc7erNRHNBduxbeZuHAnw==}
    engines: {node: '>=20.0.0'}

  '@aws-sdk/credential-provider-web-identity@3.972.42':
    resolution: {integrity: sha512-/67fXX0ddllD4u2Nujc5PvT4byHgpMUfz6+RxIKi/0nFIckeorm7JvXgzBuDyVKw0s58EbofmETDWUf9vTEuHQ==}
    engines: {node: '>=20.0.0'}

  '@aws-sdk/middleware-bucket-endpoint@3.972.14':
    resolution: {integrity: sha512-Aaj0d+xbo1jJquBWJP0/9V/XZRYukO3LWIRp3dOLHmoFrYKb4YZ0aLefgVHfGcNOVBS2ZTq7L/n5JcrE7DaC+Q==}
    engines: {node: '>=20.0.0'}

  '@aws-sdk/middleware-expect-continue@3.972.12':
    resolution: {integrity: sha512-dA5pKTom/Ls9mgeyeaRBNQrRIVOLVjv4AmKOB0/e4yaiXEUy0gSz2d3liP8JHtYoCAEWySU1jWnyzwLOREN+4g==}
    engines: {node: '>=20.0.0'}

  '@aws-sdk/middleware-flexible-checksums@3.974.20':
    resolution: {integrity: sha512-NdnMVQCR1YjIcqFAiNLdBiOwr2DyQDB2IiXQrBhzolKOv32ae4d4Ll7IzLMi04eMHiq/o/Y/GjFuVjF9HuG0QA==}
    engines: {node: '>=20.0.0'}

  '@aws-sdk/middleware-location-constraint@3.972.10':
    resolution: {integrity: sha512-rI3NZvJcEvjoD0+0PI0iUAwlPw2IlSlhyvgBK/3WkKJQE/YiKFedd9dMN2lVacdNxPNhxL/jzQaKQdrGtQagjQ==}
    engines: {node: '>=20.0.0'}

  '@aws-sdk/middleware-sdk-s3@3.972.41':
    resolution: {integrity: sha512-M4T2I2WPuH5WQpU8Tsp+u2bcO29zGRkU14ATzuqb9I4xh8tzsLqtp4hzaJM5aO2dhMZnHDzyQwSFVgc3XbnoGg==}
    engines: {node: '>=20.0.0'}

  '@aws-sdk/middleware-ssec@3.972.10':
    resolution: {integrity: sha512-Gli9A0u8EVVb+5bFDGS/QbSVg28w/wpEidg1ggVcSj65BDTdGR6punsOcVjqdiu1i42WHWo51MCvARPIIz9juw==}
    engines: {node: '>=20.0.0'}

  '@aws-sdk/nested-clients@3.997.10':
    resolution: {integrity: sha512-FtQ/Bt327peZJuyo4WZSOLVUTw9ujRxntepiC7L65FxA2P82Xlq0g14T22BuqBUeMjDoxa9nvwiMHjLIfP3eUg==}
    engines: {node: '>=20.0.0'}

  '@aws-sdk/signature-v4-multi-region@3.996.27':
    resolution: {integrity: sha512-0Phbz4t6HI3D3skxvG2uI+VWU034/nSIw1T8d+FPzzQG9EQTrw94o9mOKO2Gv3n3Oc8P7JD7RAUxkoneLWv5Eg==}
    engines: {node: '>=20.0.0'}

  '@aws-sdk/token-providers@3.1049.0':
    resolution: {integrity: sha512-r7+d0lQMTHKypkmaF5jRTBYLYHCUHzt3gaVoN9SidLhQeWhCmHk3AKrboDTpPF5b7Pt7vKu3+oeMjznM2Eu1ow==}
    engines: {node: '>=20.0.0'}

  '@aws-sdk/types@3.973.8':
    resolution: {integrity: sha512-gjlAdtHMbtR9X5iIhVUvbVcy55KnznpC6bkDUWW9z915bi0ckdUr5cjf16Kp6xq0bP5HBD2xzgbL9F9Quv5vUw==}
    engines: {node: '>=20.0.0'}

  '@aws-sdk/util-locate-window@3.965.5':
    resolution: {integrity: sha512-WhlJNNINQB+9qtLtZJcpQdgZw3SCDCpXdUJP7cToGwHbCWCnRckGlc6Bx/OhWwIYFNAn+FIydY8SZ0QmVu3xTQ==}
    engines: {node: '>=20.0.0'}

  '@aws-sdk/xml-builder@3.972.24':
    resolution: {integrity: sha512-V8z5YcDPfsvzrBlj0xR1vhRtocblhYbqdreCJB/voGd4Sr5zjNAeWxexbnqVtskTJe0vFb5KMqbSL++ePl+zRw==}
    engines: {node: '>=20.0.0'}

  '@aws/lambda-invoke-store@0.2.4':
    resolution: {integrity: sha512-iY8yvjE0y651BixKNPgmv1WrQc+GZ142sb0z4gYnChDDY2YqI4P/jsSopBWrKfAt7LOJAkOXt7rC/hms+WclQQ==}
    engines: {node: '>=18.0.0'}

  '@codemirror/state@6.5.0':
    resolution: {integrity: sha512-MwBHVK60IiIHDcoMet78lxt6iw5gJOGSbNbOIVBHWVXIH4/Nq1+GQgLLGgI1KlnN86WDXsPudVaqYHKBIx7Eyw==}

  '@codemirror/view@6.38.6':
    resolution: {integrity: sha512-qiS0z1bKs5WOvHIAC0Cybmv4AJSkAXgX5aD6Mqd2epSLlVJsQl8NG23jCVouIgkh4All/mrbdsf2UOLFnJw0tw==}

  '@emnapi/core@1.10.0':
    resolution: {integrity: sha512-yq6OkJ4p82CAfPl0u9mQebQHKPJkY7WrIuk205cTYnYe+k2Z8YBh11FrbRG/H6ihirqcacOgl2BIO8oyMQLeXw==}

  '@emnapi/runtime@1.10.0':
    resolution: {integrity: sha512-ewvYlk86xUoGI0zQRNq/mC+16R1QeDlKQy21Ki3oSYXNgLb45GV1P6A0M+/s6nyCuNDqe5VpaY84BzXGwVbwFA==}

  '@emnapi/wasi-threads@1.2.1':
    resolution: {integrity: sha512-uTII7OYF+/Mes/MrcIOYp5yOtSMLBWSIoLPpcgwipoiKbli6k322tcoFsxoIIxPDqW01SQGAgko4EzZi2BNv2w==}

  '@marijn/find-cluster-break@1.0.2':
    resolution: {integrity: sha512-l0h88YhZFyKdXIFNfSWpyjStDjGHwZ/U7iobcK1cQQD8sejsONdQtTVU+1wVN1PBw40PiiHB1vA5S7VTfQiP9g==}

  '@napi-rs/wasm-runtime@1.1.4':
    resolution: {integrity: sha512-3NQNNgA1YSlJb/kMH1ildASP9HW7/7kYnRI2szWJaofaS1hWmbGI4H+d3+22aGzXXN9IJ+n+GiFVcGipJP18ow==}
    peerDependencies:
      '@emnapi/core': ^1.7.1
      '@emnapi/runtime': ^1.7.1

  '@nodable/entities@2.1.0':
    resolution: {integrity: sha512-nyT7T3nbMyBI/lvr6L5TyWbFJAI9FTgVRakNoBqCD+PmID8DzFrrNdLLtHMwMszOtqZa8PAOV24ZqDnQrhQINA==}

  '@oxc-project/types@0.128.0':
    resolution: {integrity: sha512-huv1Y/LzBJkBVHt3OlC7u0zHBW9qXf1FdD7sGmc1rXc2P1mTwHssYv7jyGx5KAACSCH+9B3Bhn6Z9luHRvf7pQ==}

  '@oxfmt/binding-android-arm-eabi@0.47.0':
    resolution: {integrity: sha512-KrMQRdMi/upr81qT4ijK6X6BNp6jqpMY7FwILQnwIy9QLc3qpnhUx5rsCLGzn4ewsCQ0CNAspN2ogmP1GXLyLw==}
    engines: {node: ^20.19.0 || >=22.12.0}
    cpu: [arm]
    os: [android]

  '@oxfmt/binding-android-arm64@0.47.0':
    resolution: {integrity: sha512-r4ixS/PeUpAFKgrpDoZ5pSkthjZzVzKd95525Aazj+aOv9H4ulK5zYHGb7wFY5n5kZxHK8TbOJUZgoEb1ohddQ==}
    engines: {node: ^20.19.0 || >=22.12.0}
    cpu: [arm64]
    os: [android]

  '@oxfmt/binding-darwin-arm64@0.47.0':
    resolution: {integrity: sha512-CLWxiKpMl+195cm09CuaWEhJK0CirRkoMa07aR9+9AFPat2LfIKtwx1JqxZM0MTvcMe6+adlJNdVL6jdInvq3g==}
    engines: {node: ^20.19.0 || >=22.12.0}
    cpu: [arm64]
    os: [darwin]

  '@oxfmt/binding-darwin-x64@0.47.0':
    resolution: {integrity: sha512-Xq5fjTYDC50faUeLSm0rZdBqoTgleXEdD7NpJdARtQIczkCJn3xNjMUSQQkUmh4CtxkKTNL68lytcOK3e/osgg==}
    engines: {node: ^20.19.0 || >=22.12.0}
    cpu: [x64]
    os: [darwin]

  '@oxfmt/binding-freebsd-x64@0.47.0':
    resolution: {integrity: sha512-QOU9ZIJ52p5askcEC0QJvvr8trHAWoonul8bgISo6gYUL3s50zkqafBYcNAr9LJZQbsZtPfIWHk9+5+nUp1qJQ==}
    engines: {node: ^20.19.0 || >=22.12.0}
    cpu: [x64]
    os: [freebsd]

  '@oxfmt/binding-linux-arm-gnueabihf@0.47.0':
    resolution: {integrity: sha512-oJxDM1aBhPvz9gmElBv8UpxyiqhwfjcbrSxT5F0xtuUzY6dQI27/AQPIt3eu3Z5Yvn0kQl5R7MA3Z+MbnRvCBw==}
    engines: {node: ^20.19.0 || >=22.12.0}
    cpu: [arm]
    os: [linux]

  '@oxfmt/binding-linux-arm-musleabihf@0.47.0':
    resolution: {integrity: sha512-g8Lh50VS4ibGz2q6v7r9UZY4D0dM16SdrFYOMzhqIoCwGcai8VMIRUAcqn1/jlCsOOzUXJ741+kCeJt0cofakQ==}
    engines: {node: ^20.19.0 || >=22.12.0}
    cpu: [arm]
    os: [linux]

  '@oxfmt/binding-linux-arm64-gnu@0.47.0':
    resolution: {integrity: sha512-YrNT1vQ0asaXoRbrvYENPqmBfOQ9Xr8enPNOULeYfg44VjCcrUowFy5QZr+WawE0zyP8cH9e9Gxxg0fDEFzhcg==}
    engines: {node: ^20.19.0 || >=22.12.0}
    cpu: [arm64]
    os: [linux]
    libc: [glibc]

  '@oxfmt/binding-linux-arm64-musl@0.47.0':
    resolution: {integrity: sha512-IxtQC/sbBi4ubbY+MdwdanRWrG9InQJVZqyMsBa5IUaQcnSg86gQme574HxXMC1p4bo4YhV99zQ+wNnGCvEgzw==}
    engines: {node: ^20.19.0 || >=22.12.0}
    cpu: [arm64]
    os: [linux]
    libc: [musl]

  '@oxfmt/binding-linux-ppc64-gnu@0.47.0':
    resolution: {integrity: sha512-EWXEhOMbWO0q6eJSbu0QLkU8cKi0ljlYLngeDs2Ocu/pm1rrLwyQiYzlFbdnMRURI4w9ndr1sI9rSbhlJ5o23Q==}
    engines: {node: ^20.19.0 || >=22.12.0}
    cpu: [ppc64]
    os: [linux]
    libc: [glibc]

  '@oxfmt/binding-linux-riscv64-gnu@0.47.0':
    resolution: {integrity: sha512-tZrjS11TUiDuEpRaqdk8K9F9xETRyKXfuZKmdeW+Gj7coBnm7+8sBEfyt033EAFEQSlkniAXvBLh+Qja2ioGBQ==}
    engines: {node: ^20.19.0 || >=22.12.0}
    cpu: [riscv64]
    os: [linux]
    libc: [glibc]

  '@oxfmt/binding-linux-riscv64-musl@0.47.0':
    resolution: {integrity: sha512-KBFy+2CFKUCZzYwX2ZOPQKck1vjQbz+hextuc19G4r0WRJwadfAeuQMQRQvB+Ivc8brlbOVg7et8K7E467440g==}
    engines: {node: ^20.19.0 || >=22.12.0}
    cpu: [riscv64]
    os: [linux]
    libc: [musl]

  '@oxfmt/binding-linux-s390x-gnu@0.47.0':
    resolution: {integrity: sha512-REUPFKVGSiK99B+9eaPhluEVglzaoj/SMykNC5SUiV2RSsBfV5lWN7Y0iCIc251Wz3GaeAGZsJ/zj3gjarxdFg==}
    engines: {node: ^20.19.0 || >=22.12.0}
    cpu: [s390x]
    os: [linux]
    libc: [glibc]

  '@oxfmt/binding-linux-x64-gnu@0.47.0':
    resolution: {integrity: sha512-KVftVSVEDeIfRW3TIeLe3aNI/iY4m1fu5mDwHcisKMZSCMKLkrhFsjowC7o9RoqNPxbbglm2+/6KAKBIts2t0Q==}
    engines: {node: ^20.19.0 || >=22.12.0}
    cpu: [x64]
    os: [linux]
    libc: [glibc]

  '@oxfmt/binding-linux-x64-musl@0.47.0':
    resolution: {integrity: sha512-DTsmGEaA2860Aq5VUyDO8/MT9NFxwVL93RnRYmpMwK6DsSkThmvEpqoUDDljziEpAedMRG19SCogrNbINSbLUQ==}
    engines: {node: ^20.19.0 || >=22.12.0}
    cpu: [x64]
    os: [linux]
    libc: [musl]

  '@oxfmt/binding-openharmony-arm64@0.47.0':
    resolution: {integrity: sha512-8r5BDro7fLOBoq1JXHLVSs55OlrxQhEso4HVo0TcY7OXJUPYfjPoOaYL5us+yIwqyP9rQwN+rxuiNFSmaxSuOQ==}
    engines: {node: ^20.19.0 || >=22.12.0}
    cpu: [arm64]
    os: [openharmony]

  '@oxfmt/binding-win32-arm64-msvc@0.47.0':
    resolution: {integrity: sha512-qtz/gzm8IjSPUlseZ0ofW8zyHLoZsuP5HTfcGGkWkUblB89JT8GNYH3ICqjbDsqsGqXum0/ZndXTFplSdXFIcg==}
    engines: {node: ^20.19.0 || >=22.12.0}
    cpu: [arm64]
    os: [win32]

  '@oxfmt/binding-win32-ia32-msvc@0.47.0':
    resolution: {integrity: sha512-5vIcdcIDE7nCx+MXN6sm8kbC4zajDB31E86rez4i45iHNH/2NjdKlJ720xcHTr3eeiMcttCGPHPhE1TjtBDGZw==}
    engines: {node: ^20.19.0 || >=22.12.0}
    cpu: [ia32]
    os: [win32]

  '@oxfmt/binding-win32-x64-msvc@0.47.0':
    resolution: {integrity: sha512-Sr59Y5ms54ONBjxFeWhVlGyQcHXxcl9DxC23f6yXlRkcos7LXBLoO+KDfxexjHIOZh7cWqrWduzvUjJ+pHp8cQ==}
    engines: {node: ^20.19.0 || >=22.12.0}
    cpu: [x64]
    os: [win32]

  '@oxlint/binding-android-arm-eabi@1.67.0':
    resolution: {integrity: sha512-VrSi571rDv1N8HaEDM+DEX8nmT0y9jJo8tzzW13vsOWTx59xQczCIJx68n2zWOXRT5YKZsOZXp4qkHN/10x4mw==}
    engines: {node: ^20.19.0 || >=22.12.0}
    cpu: [arm]
    os: [android]

  '@oxlint/binding-android-arm64@1.67.0':
    resolution: {integrity: sha512-l6+NdYxMoRohix5r5bbigW16LPicceCwGcQ6LKKuE1kUdjgFfQolJjrJsQYPFetIs78Gxj/G/f5TEGoTCwj9nQ==}
    engines: {node: ^20.19.0 || >=22.12.0}
    cpu: [arm64]
    os: [android]

  '@oxlint/binding-darwin-arm64@1.67.0':
    resolution: {integrity: sha512-jOzXxS1AxFxhImLIRbtGIMrEwaXcgMw3gR57WB1cRk8ai+vpr6726kxXqVvlNsrXtJ/FrmOm8RxlC0m8SW24Qg==}
    engines: {node: ^20.19.0 || >=22.12.0}
    cpu: [arm64]
    os: [darwin]

  '@oxlint/binding-darwin-x64@1.67.0':
    resolution: {integrity: sha512-3DFAVY94OqjIZHXIPz37yGRSWwOFTAqChQ64/M69GYLawzP0KiwdhDNfqdKKYT0bTR/DNxmMnQsj3ns+8+X/Lg==}
    engines: {node: ^20.19.0 || >=22.12.0}
    cpu: [x64]
    os: [darwin]

  '@oxlint/binding-freebsd-x64@1.67.0':
    resolution: {integrity: sha512-e4dDKZuLu8TR9DEBssWSDahlPgZBwojTTHZUvnjBRJfJJbpxYCjfjKfi0Z1+CSLMiJBwI2yCDtRM1XJQaARjmg==}
    engines: {node: ^20.19.0 || >=22.12.0}
    cpu: [x64]
    os: [freebsd]

  '@oxlint/binding-linux-arm-gnueabihf@1.67.0':
    resolution: {integrity: sha512-BKytFdcQzbITV3xlnzDUDTEDtbUMCCiC4EaNTDZ4FyT8gdNvBC4gfiLucXp/sQl0XU3p7syTlorUWVVVBZab2g==}
    engines: {node: ^20.19.0 || >=22.12.0}
    cpu: [arm]
    os: [linux]

  '@oxlint/binding-linux-arm-musleabihf@1.67.0':
    resolution: {integrity: sha512-XYAv0esBDX7BpTzRDjVX2Vdj+zndd8ll2dFQiaeQ6zTZr7A8GRDTN7fH3FP3jU+O0vCDx85oH/EtG7BzPgAXuw==}
    engines: {node: ^20.19.0 || >=22.12.0}
    cpu: [arm]
    os: [linux]

  '@oxlint/binding-linux-arm64-gnu@1.67.0':
    resolution: {integrity: sha512-zizRMjA0i6u/2B0evgda04iycu+MoNuf1pBy6Eh+1CjC5wMEG7qN5zdDKTCvFc0KSYSDM9QTG3gjZHirgtQuKg==}
    engines: {node: ^20.19.0 || >=22.12.0}
    cpu: [arm64]
    os: [linux]
    libc: [glibc]

  '@oxlint/binding-linux-arm64-musl@1.67.0':
    resolution: {integrity: sha512-zB/Tf6sUjmmvvbva9Gj3JTJ8rJ9t4I8/U0o6vSRtd0DRIsIuyegBwJAzhSUFQHdMijIRJkW0exs/yBhpw2S20w==}
    engines: {node: ^20.19.0 || >=22.12.0}
    cpu: [arm64]
    os: [linux]
    libc: [musl]

  '@oxlint/binding-linux-ppc64-gnu@1.67.0':
    resolution: {integrity: sha512-kgU40Gt74CK0TCsF51KZymkIwN9U0BajKsMijB52zPqOeZU9NAHkA/NSQkZDHEaCakx42DxhXkODiAqf2b4Gug==}
    engines: {node: ^20.19.0 || >=22.12.0}
    cpu: [ppc64]
    os: [linux]
    libc: [glibc]

  '@oxlint/binding-linux-riscv64-gnu@1.67.0':
    resolution: {integrity: sha512-tOYhkk/iaG9aD3FvGpBFd1Lrw0x0RaVoJBxjUkfNzS50rC5NS5BteNCwgr8A2zCdADrIIoze6D7u6U5Ic++/iQ==}
    engines: {node: ^20.19.0 || >=22.12.0}
    cpu: [riscv64]
    os: [linux]
    libc: [glibc]

  '@oxlint/binding-linux-riscv64-musl@1.67.0':
    resolution: {integrity: sha512-sEtywrPb+0b+tHYl1SDCrw903fiC4eyKoNqzP3v+f2JT3Xcv4NEYG+P8rj+eEnX7IWhqV/xj8/JmcmVj21CXaA==}
    engines: {node: ^20.19.0 || >=22.12.0}
    cpu: [riscv64]
    os: [linux]
    libc: [musl]

  '@oxlint/binding-linux-s390x-gnu@1.67.0':
    resolution: {integrity: sha512-BvR8Moa0zCLxroOx4vZaZN9nUfwAUpSTwjZdxZyKy4bv3PrzrXrxKR/ZQ0L9wNSvlPhnMJeZfa3q5w6ZCTuN6Q==}
    engines: {node: ^20.19.0 || >=22.12.0}
    cpu: [s390x]
    os: [linux]
    libc: [glibc]

  '@oxlint/binding-linux-x64-gnu@1.67.0':
    resolution: {integrity: sha512-mm2cxM6fksOpq6l0uFws8BUGKAR4dNa/cZCn37Npq7PFbhD5HDJqWfnoIvTaeRKMy5XdS2tO0MA0qbHDrnXAAA==}
    engines: {node: ^20.19.0 || >=22.12.0}
    cpu: [x64]
    os: [linux]
    libc: [glibc]

  '@oxlint/binding-linux-x64-musl@1.67.0':
    resolution: {integrity: sha512-WmbMuLapKyDlobMkXAaAL0Y+Uczh4LETfIfQsUpbId4Ip8Ai82/jqeYTOoUCkuuhBFapgqP253+d83tLKOksJg==}
    engines: {node: ^20.19.0 || >=22.12.0}
    cpu: [x64]
    os: [linux]
    libc: [musl]

  '@oxlint/binding-openharmony-arm64@1.67.0':
    resolution: {integrity: sha512-9g/PqxYJelzzTAOR5Y+RiRqdeydhEuXv2KxNeFcAKQ7UsvnWSY1OP4MsuPMbTO2Pf70tz7mFhl1j13H3fyh+8g==}
    engines: {node: ^20.19.0 || >=22.12.0}
    cpu: [arm64]
    os: [openharmony]

  '@oxlint/binding-win32-arm64-msvc@1.67.0':
    resolution: {integrity: sha512-2VhwE6Gatb0vJGnN0TBuQMbKCOiZlSQ/zJvVWYLK4a9d4iDiJOen/yVQkGpmsJ90MuH66fzi0kEKI0jRQMDxGA==}
    engines: {node: ^20.19.0 || >=22.12.0}
    cpu: [arm64]
    os: [win32]

  '@oxlint/binding-win32-ia32-msvc@1.67.0':
    resolution: {integrity: sha512-EQ3VExXfeM1InbE5+JjufhZZTWy+kHUwgt3yZR7gQ47Je/mE0WspQPan0OJznh493L5anM210YNJtH1PXjTSFg==}
    engines: {node: ^20.19.0 || >=22.12.0}
    cpu: [ia32]
    os: [win32]

  '@oxlint/binding-win32-x64-msvc@1.67.0':
    resolution: {integrity: sha512-bw24y+/1MHS4QDkons3YyHkPT9uCMoLHHgQhb+mb8NOjTYwub1CZ+K9Ngr8aO5DMrDrkqHwTzlTwFP2vS8Y/ZQ==}
    engines: {node: ^20.19.0 || >=22.12.0}
    cpu: [x64]
    os: [win32]

  '@rolldown/binding-android-arm64@1.0.0-rc.18':
    resolution: {integrity: sha512-lIDyUAfD7U3+BWKzdxMbJcsYHuqXqmGz40aeRqvuAm3y5TkJSYTBW2RDrn65DJFPQqVjUAUqq5uz8urzQ8aBdQ==}
    engines: {node: ^20.19.0 || >=22.12.0}
    cpu: [arm64]
    os: [android]

  '@rolldown/binding-darwin-arm64@1.0.0-rc.18':
    resolution: {integrity: sha512-apJq2ktnGp27nSInMR5Vcj8kY6xJzDAvfdIFlpDcAK/w4cDO58qVoi1YQsES/SKiFNge/6e4CUzgjfHduYqWpQ==}
    engines: {node: ^20.19.0 || >=22.12.0}
    cpu: [arm64]
    os: [darwin]

  '@rolldown/binding-darwin-x64@1.0.0-rc.18':
    resolution: {integrity: sha512-5Ofot8xbs+pxRHJqm9/9N/4sTQOvdrwEsmPE9pdLEEoAbdZtG6F2LMDfO1sp6ZAtXJuJV/21ew2srq3W8NXB5g==}
    engines: {node: ^20.19.0 || >=22.12.0}
    cpu: [x64]
    os: [darwin]

  '@rolldown/binding-freebsd-x64@1.0.0-rc.18':
    resolution: {integrity: sha512-7h8eeOTT1eyqJyx64BFCnWZpNm486hGWt2sqeLLgDxA0xI1oGZ9H7gK1S85uNGmBhkdPwa/6reTxfFFKvIsebw==}
    engines: {node: ^20.19.0 || >=22.12.0}
    cpu: [x64]
    os: [freebsd]

  '@rolldown/binding-linux-arm-gnueabihf@1.0.0-rc.18':
    resolution: {integrity: sha512-eRcm/HVt9U/JFu5RKAEKwGQYtDCKWLiaH6wOnsSEp6NMBb/3Os8LgHZlNyzMpFVNmiiMFlfb2zEnebfzJrHFmg==}
    engines: {node: ^20.19.0 || >=22.12.0}
    cpu: [arm]
    os: [linux]

  '@rolldown/binding-linux-arm64-gnu@1.0.0-rc.18':
    resolution: {integrity: sha512-SOrT/cT4ukTmgnrEz/Hg3m7LBnuCLW9psDeMKrimRWY4I8DmnO7Lco8W2vtqPmMkbVu8iJ+g4GFLVLLOVjJ9DQ==}
    engines: {node: ^20.19.0 || >=22.12.0}
    cpu: [arm64]
    os: [linux]
    libc: [glibc]

  '@rolldown/binding-linux-arm64-musl@1.0.0-rc.18':
    resolution: {integrity: sha512-QWjdxN1HJCpBTAcZ5N5F7wju3gVPzRzSpmGzx7na0c/1qpN9CFil+xt+l9lV/1M6/gqHSNXCiqPfwhVJPeLnug==}
    engines: {node: ^20.19.0 || >=22.12.0}
    cpu: [arm64]
    os: [linux]
    libc: [musl]

  '@rolldown/binding-linux-ppc64-gnu@1.0.0-rc.18':
    resolution: {integrity: sha512-ugCOyj7a4d9h3q9B+wXmf6g3a68UsjGh6dob5DHevHGMwDUbhsYNbSPxJsENcIttJZ9jv7qGM2UesLw5jqIhdg==}
    engines: {node: ^20.19.0 || >=22.12.0}
    cpu: [ppc64]
    os: [linux]
    libc: [glibc]

  '@rolldown/binding-linux-s390x-gnu@1.0.0-rc.18':
    resolution: {integrity: sha512-kKWRhbsotpXkGbcd5dllUWg5gEXcDAa8u5YnP9AV5DYNbvJHGzzuwv7dpmhc8NqKMJldl0a+x76IHbspEpEmdA==}
    engines: {node: ^20.19.0 || >=22.12.0}
    cpu: [s390x]
    os: [linux]
    libc: [glibc]

  '@rolldown/binding-linux-x64-gnu@1.0.0-rc.18':
    resolution: {integrity: sha512-uCo8ElcCIAMyYAZyuIZ81oFkhTSIllNvUCHCAlbhlN4ji3uC28h7IIdlXyIvGO7HsuqnV9p3rD/bpH7XhIyhRw==}
    engines: {node: ^20.19.0 || >=22.12.0}
    cpu: [x64]
    os: [linux]
    libc: [glibc]

  '@rolldown/binding-linux-x64-musl@1.0.0-rc.18':
    resolution: {integrity: sha512-XNOQZtuE6yUIvx4rwGemwh8kpL1xvU41FXy/s9K7T/3JVcqGzo3NfKM2HrbrGgfPYGFW42f07Wk++aOC6B9NWA==}
    engines: {node: ^20.19.0 || >=22.12.0}
    cpu: [x64]
    os: [linux]
    libc: [musl]

  '@rolldown/binding-openharmony-arm64@1.0.0-rc.18':
    resolution: {integrity: sha512-tSn/kzrfa7tNOXr7sEacDBN4YsIqTyLqh45IO0nHDwtpKIDNDJr+VFojt+4klSpChxB29JLyduSsE0MKEwa65A==}
    engines: {node: ^20.19.0 || >=22.12.0}
    cpu: [arm64]
    os: [openharmony]

  '@rolldown/binding-wasm32-wasi@1.0.0-rc.18':
    resolution: {integrity: sha512-+J9YGmc+czgqlhYmwun3S3O0FIZhsH8ep2456xwjAdIOmuJxM7xz4P4PtrxU+Bz17a/5bqPA8o3HAAoX0teUdg==}
    engines: {node: ^20.19.0 || >=22.12.0}
    cpu: [wasm32]

  '@rolldown/binding-win32-arm64-msvc@1.0.0-rc.18':
    resolution: {integrity: sha512-zsu47DgU0FQzSwi6sU9dZoEdUv7pc1AptSEz/Z8HBg54sV0Pbs3N0+CrIbTsgiu6EyoaNN9CHboqbLaz9lhOyQ==}
    engines: {node: ^20.19.0 || >=22.12.0}
    cpu: [arm64]
    os: [win32]

  '@rolldown/binding-win32-x64-msvc@1.0.0-rc.18':
    resolution: {integrity: sha512-7H+3yqGgmnlDTRRhw/xpYY9J1kf4GC681nVc4GqKhExZTDrVVrV2tsOR9kso0fvgBdcTCcQShx4SLLoHgaLwhg==}
    engines: {node: ^20.19.0 || >=22.12.0}
    cpu: [x64]
    os: [win32]

  '@rolldown/pluginutils@1.0.0-rc.18':
    resolution: {integrity: sha512-CUY5Mnhe64xQBGZEEXQ5WyZwsc1JU3vAZLIxtrsBt3LO6UOb+C8GunVKqe9sT8NeWb4lqSaoJtp2xo6GxT1MNw==}

  '@smithy/core@3.24.3':
    resolution: {integrity: sha512-Ep/7tPamGY8mgESE3LyLKtxJyy6U52WWAqr/3wial47Sj4u3PiIF73AOGI27UyLy9duTkhZbgzodOfLV4TduZg==}
    engines: {node: '>=18.0.0'}

  '@smithy/credential-provider-imds@4.3.3':
    resolution: {integrity: sha512-I2Bti0DKFo2IJyN28ijCsx51BAumEYR4/1yZ1FXyBygy9MqbnMqCev4JPth/MbpRfBSRAX35hITSnAdJRo1u5w==}
    engines: {node: '>=18.0.0'}

  '@smithy/fetch-http-handler@5.4.3':
    resolution: {integrity: sha512-F+DRf8IJazRJgYog2A/yJK7eYVc0rqTlRzO+5ZxjJd4WkZoKz0IJRncf7G6t1pdVT3kryJcwuTFhN1c5m6N47A==}
    engines: {node: '>=18.0.0'}

  '@smithy/is-array-buffer@2.2.0':
    resolution: {integrity: sha512-GGP3O9QFD24uGeAXYUjwSTXARoqpZykHadOmA8G5vfJPK0/DC67qa//0qvqrJzL1xc8WQWX7/yc7fwudjPHPhA==}
    engines: {node: '>=14.0.0'}

  '@smithy/node-http-handler@4.7.3':
    resolution: {integrity: sha512-/jPhevcTFPMVl6KNjbaI47iOg1zxC7IsnX4PQDGVZKMFceOXtB8IEYaB7a9VvkP/3oC60WzTeKocvSI7vLT0vA==}
    engines: {node: '>=18.0.0'}

  '@smithy/signature-v4@5.4.3':
    resolution: {integrity: sha512-53+75QuPl6DL+ct6vVEB51FDO5oulXr20TPV46VvJZg76lIlXNWfxi8j+G2V/t0I2qxCBOa3vX/8bmjrpFVo9g==}
    engines: {node: '>=18.0.0'}

  '@smithy/types@4.14.2':
    resolution: {integrity: sha512-P+otAxbV4CqBybp7EkcJCrig63yE2E7PuNVOmilVMRcx/O+QDzGULTrKsq4DV13gSfak9ObPrWaHl/9bL5YcWw==}
    engines: {node: '>=18.0.0'}

  '@smithy/util-buffer-from@2.2.0':
    resolution: {integrity: sha512-IJdWBbTcMQ6DA0gdNhh/BwrLkDR+ADW5Kr1aZmd4k3DIF6ezMV4R2NIAmT08wQJ3yUK82thHWmC/TnK/wpMMIA==}
    engines: {node: '>=14.0.0'}

  '@smithy/util-utf8@2.3.0':
    resolution: {integrity: sha512-R8Rdn8Hy72KKcebgLiv8jQcQkXoLMOGGv5uI1/k0l+snqkOzQ1R0ChUBCxWMlBsFMekWjq0wRudIweFs7sKT5A==}
    engines: {node: '>=14.0.0'}

  '@tybys/wasm-util@0.10.2':
    resolution: {integrity: sha512-RoBvJ2X0wuKlWFIjrwffGw1IqZHKQqzIchKaadZZfnNpsAYp2mM0h36JtPCjNDAHGgYez/15uMBpfGwchhiMgg==}

  '@types/codemirror@5.60.8':
    resolution: {integrity: sha512-VjFgDF/eB+Aklcy15TtOTLQeMjTo07k7KAjql8OK5Dirr7a6sJY4T1uVBDuTVG9VEmn1uUsohOpYnVfgC6/jyw==}

  '@types/estree@1.0.9':
    resolution: {integrity: sha512-GhdPgy1el4/ImP05X05Uw4cw2/M93BCUmnEvWZNStlCzEKME4Fkk+YpoA5OiHNQmoS7Cafb8Xa3Pya8m1Qrzeg==}

  '@types/node@24.12.4':
    resolution: {integrity: sha512-GUUEShf+PBCGW2KaXwcIt3Yk+e3pkKwWKb9GSyM9WQVE+ep2jzmHdGsHzu4wgcZy5fN9FBdVzjpBQsYlpfpgLA==}

  '@types/tern@0.23.9':
    resolution: {integrity: sha512-ypzHFE/wBzh+BlH6rrBgS5I/Z7RD21pGhZ2rltb/+ZrVM1awdZwjx7hE5XfuYgHWk9uvV5HLZN3SloevCAp3Bw==}

  bowser@2.14.1:
    resolution: {integrity: sha512-tzPjzCxygAKWFOJP011oxFHs57HzIhOEracIgAePE4pqB3LikALKnSzUyU4MGs9/iCEUuHlAJTjTc5M+u7YEGg==}

  crelt@1.0.6:
    resolution: {integrity: sha512-VQ2MBenTq1fWZUH9DJNGti7kKv6EeAuYr3cLwxUWhIu1baTaXh4Ib5W2CqHVqib4/MqbYGJqiL3Zb8GJZr3l4g==}

  fast-xml-builder@1.2.0:
    resolution: {integrity: sha512-00aAWieqff+ZJhsXA4g1g7M8k+7AYoMUUHF+/zFb5U6Uv/P0Vl4QZo84/IcufzYalLuEj9928bXN9PbbFzMF0Q==}

  fast-xml-parser@5.7.3:
    resolution: {integrity: sha512-C0AaNuC+mscy6vrAQKAc/rMq+zAPHodfHGZu4sGVehvAQt/JLG1O5zEcYcXSY5zSqr4YVgxsB+pHXTq0i7eDlg==}
    hasBin: true

  moment@2.29.4:
    resolution: {integrity: sha512-5LC9SOxjSc2HF6vO2CyuTDNivEdoz2IvyJJGj6X8DJ0eFyfszE0QiEd+iXmBvUP3WHxSjFH/vIsA0EN00cgr8w==}

  obsidian@1.12.3:
    resolution: {integrity: sha512-HxWqe763dOqzXjnNiHmAJTRERN8KILBSqxDSEqbeSr7W8R8Jxezzbca+nz1LiiqXnMpM8lV2jzAezw3CZ4xNUw==}
    peerDependencies:
      '@codemirror/state': 6.5.0
      '@codemirror/view': 6.38.6

  oxfmt@0.47.0:
    resolution: {integrity: sha512-OFbkbzxKCpooQEnRmpTDnuwTX8KHXzZTQ4Df/hz85fpS67Pl+lxPEFvUtin56HIIS0B1k4X8oIzTXRZPufA2CA==}
    engines: {node: ^20.19.0 || >=22.12.0}
    hasBin: true

  oxlint@1.67.0:
    resolution: {integrity: sha512-blwwaHPdoH8piQ5/z0KHeoHFR7FZgl12WluKJfu4qFLPkZl6mK04PkLE45Fw1NxfBRSlh40Gu7MkxHUw++ociQ==}
    engines: {node: ^20.19.0 || >=22.12.0}
    hasBin: true
    peerDependencies:
      oxlint-tsgolint: '>=0.22.1'
      vite-plus: '*'
    peerDependenciesMeta:
      oxlint-tsgolint:
        optional: true
      vite-plus:
        optional: true

  path-expression-matcher@1.5.0:
    resolution: {integrity: sha512-cbrerZV+6rvdQrrD+iGMcZFEiiSrbv9Tfdkvnusy6y0x0GKBXREFg/Y65GhIfm0tnLntThhzCnfKwp1WRjeCyQ==}
    engines: {node: '>=14.0.0'}

  rolldown@1.0.0-rc.18:
    resolution: {integrity: sha512-phmyKBpuBdRYDf4hgyynGAYn/rDDe+iZXKVJ7WX5b1zQzpLkP5oJRPGsfJuHdzPMlyyEO/4sPW6yfSx2gf7lVg==}
    engines: {node: ^20.19.0 || >=22.12.0}
    hasBin: true

  strnum@2.3.0:
    resolution: {integrity: sha512-ums3KNd42PGyx5xaoVTO1mjU1bH3NpY4vsrVlnv9PNGqQj8wd7rJ6nEypLrJ7z5vxK5RP0yMLo6J/Gsm62DI5Q==}

  style-mod@4.1.3:
    resolution: {integrity: sha512-i/n8VsZydrugj3Iuzll8+x/00GH2vnYsk1eomD8QiRrSAeW6ItbCQDtfXCeJHd0iwiNagqjQkvpvREEPtW3IoQ==}

  tinypool@2.1.0:
    resolution: {integrity: sha512-Pugqs6M0m7Lv1I7FtxN4aoyToKg1C4tu+/381vH35y8oENM/Ai7f7C4StcoK4/+BSw9ebcS8jRiVrORFKCALLw==}
    engines: {node: ^20.0.0 || >=22.0.0}

  tslib@2.8.1:
    resolution: {integrity: sha512-oJFu94HQb+KVduSUQL7wnpmqnfmLsOA/nAh6b6EH0wCEoK0/mPeXU6c3wKDV83MkOuHPRHtSXKKU99IBazS/2w==}

  typescript@5.9.3:
    resolution: {integrity: sha512-jl1vZzPDinLr9eUt3J/t7V6FgNEw9QjvBPdysz9KfQDD41fQrC2Y4vKQdiaUpFT4bXlb1RHhLpp8wtm6M5TgSw==}
    engines: {node: '>=14.17'}
    hasBin: true

  undici-types@7.16.0:
    resolution: {integrity: sha512-Zz+aZWSj8LE6zoxD+xrjh4VfkIG8Ya6LvYkZqtUQGJPZjYl53ypCaUwWqo7eI0x66KBGeRo+mlBEkMSeSZ38Nw==}

  w3c-keyname@2.2.8:
    resolution: {integrity: sha512-dpojBhNsCNN7T82Tm7k26A6G9ML3NkhDsnw9n/eoxSRlVBB4CEtIQ/KTCLI2Fwf3ataSXRhYFkQi3SlnFwPvPQ==}

  xml-naming@0.1.0:
    resolution: {integrity: sha512-k8KO9hrMyNk6tUWqUfkTEZbezRRpONVOzUTnc97VnCvyj6Tf9lyUR9EDAIeiVLv56jsMcoXEwjW8Kv5yPY52lw==}
    engines: {node: '>=16.0.0'}

snapshots:

  '@aws-crypto/crc32@5.2.0':
    dependencies:
      '@aws-crypto/util': 5.2.0
      '@aws-sdk/types': 3.973.8
      tslib: 2.8.1

  '@aws-crypto/crc32c@5.2.0':
    dependencies:
      '@aws-crypto/util': 5.2.0
      '@aws-sdk/types': 3.973.8
      tslib: 2.8.1

  '@aws-crypto/sha1-browser@5.2.0':
    dependencies:
      '@aws-crypto/supports-web-crypto': 5.2.0
      '@aws-crypto/util': 5.2.0
      '@aws-sdk/types': 3.973.8
      '@aws-sdk/util-locate-window': 3.965.5
      '@smithy/util-utf8': 2.3.0
      tslib: 2.8.1

  '@aws-crypto/sha256-browser@5.2.0':
    dependencies:
      '@aws-crypto/sha256-js': 5.2.0
      '@aws-crypto/supports-web-crypto': 5.2.0
      '@aws-crypto/util': 5.2.0
      '@aws-sdk/types': 3.973.8
      '@aws-sdk/util-locate-window': 3.965.5
      '@smithy/util-utf8': 2.3.0
      tslib: 2.8.1

  '@aws-crypto/sha256-js@5.2.0':
    dependencies:
      '@aws-crypto/util': 5.2.0
      '@aws-sdk/types': 3.973.8
      tslib: 2.8.1

  '@aws-crypto/supports-web-crypto@5.2.0':
    dependencies:
      tslib: 2.8.1

  '@aws-crypto/util@5.2.0':
    dependencies:
      '@aws-sdk/types': 3.973.8
      '@smithy/util-utf8': 2.3.0
      tslib: 2.8.1

  '@aws-sdk/client-s3@3.1049.0':
    dependencies:
      '@aws-crypto/sha1-browser': 5.2.0
      '@aws-crypto/sha256-browser': 5.2.0
      '@aws-crypto/sha256-js': 5.2.0
      '@aws-sdk/core': 3.974.12
      '@aws-sdk/credential-provider-node': 3.972.43
      '@aws-sdk/middleware-bucket-endpoint': 3.972.14
      '@aws-sdk/middleware-expect-continue': 3.972.12
      '@aws-sdk/middleware-flexible-checksums': 3.974.20
      '@aws-sdk/middleware-location-constraint': 3.972.10
      '@aws-sdk/middleware-sdk-s3': 3.972.41
      '@aws-sdk/middleware-ssec': 3.972.10
      '@aws-sdk/signature-v4-multi-region': 3.996.27
      '@aws-sdk/types': 3.973.8
      '@smithy/core': 3.24.3
      '@smithy/fetch-http-handler': 5.4.3
      '@smithy/node-http-handler': 4.7.3
      '@smithy/types': 4.14.2
      tslib: 2.8.1

  '@aws-sdk/core@3.974.12':
    dependencies:
      '@aws-sdk/types': 3.973.8
      '@aws-sdk/xml-builder': 3.972.24
      '@aws/lambda-invoke-store': 0.2.4
      '@smithy/core': 3.24.3
      '@smithy/signature-v4': 5.4.3
      '@smithy/types': 4.14.2
      bowser: 2.14.1
      tslib: 2.8.1

  '@aws-sdk/crc64-nvme@3.972.8':
    dependencies:
      '@smithy/types': 4.14.2
      tslib: 2.8.1

  '@aws-sdk/credential-provider-env@3.972.38':
    dependencies:
      '@aws-sdk/core': 3.974.12
      '@aws-sdk/types': 3.973.8
      '@smithy/core': 3.24.3
      '@smithy/types': 4.14.2
      tslib: 2.8.1

  '@aws-sdk/credential-provider-http@3.972.40':
    dependencies:
      '@aws-sdk/core': 3.974.12
      '@aws-sdk/types': 3.973.8
      '@smithy/core': 3.24.3
      '@smithy/fetch-http-handler': 5.4.3
      '@smithy/node-http-handler': 4.7.3
      '@smithy/types': 4.14.2
      tslib: 2.8.1

  '@aws-sdk/credential-provider-ini@3.972.42':
    dependencies:
      '@aws-sdk/core': 3.974.12
      '@aws-sdk/credential-provider-env': 3.972.38
      '@aws-sdk/credential-provider-http': 3.972.40
      '@aws-sdk/credential-provider-login': 3.972.42
      '@aws-sdk/credential-provider-process': 3.972.38
      '@aws-sdk/credential-provider-sso': 3.972.42
      '@aws-sdk/credential-provider-web-identity': 3.972.42
      '@aws-sdk/nested-clients': 3.997.10
      '@aws-sdk/types': 3.973.8
      '@smithy/core': 3.24.3
      '@smithy/credential-provider-imds': 4.3.3
      '@smithy/types': 4.14.2
      tslib: 2.8.1

  '@aws-sdk/credential-provider-login@3.972.42':
    dependencies:
      '@aws-sdk/core': 3.974.12
      '@aws-sdk/nested-clients': 3.997.10
      '@aws-sdk/types': 3.973.8
      '@smithy/core': 3.24.3
      '@smithy/types': 4.14.2
      tslib: 2.8.1

  '@aws-sdk/credential-provider-node@3.972.43':
    dependencies:
      '@aws-sdk/credential-provider-env': 3.972.38
      '@aws-sdk/credential-provider-http': 3.972.40
      '@aws-sdk/credential-provider-ini': 3.972.42
      '@aws-sdk/credential-provider-process': 3.972.38
      '@aws-sdk/credential-provider-sso': 3.972.42
      '@aws-sdk/credential-provider-web-identity': 3.972.42
      '@aws-sdk/types': 3.973.8
      '@smithy/core': 3.24.3
      '@smithy/credential-provider-imds': 4.3.3
      '@smithy/types': 4.14.2
      tslib: 2.8.1

  '@aws-sdk/credential-provider-process@3.972.38':
    dependencies:
      '@aws-sdk/core': 3.974.12
      '@aws-sdk/types': 3.973.8
      '@smithy/core': 3.24.3
      '@smithy/types': 4.14.2
      tslib: 2.8.1

  '@aws-sdk/credential-provider-sso@3.972.42':
    dependencies:
      '@aws-sdk/core': 3.974.12
      '@aws-sdk/nested-clients': 3.997.10
      '@aws-sdk/token-providers': 3.1049.0
      '@aws-sdk/types': 3.973.8
      '@smithy/core': 3.24.3
      '@smithy/types': 4.14.2
      tslib: 2.8.1

  '@aws-sdk/credential-provider-web-identity@3.972.42':
    dependencies:
      '@aws-sdk/core': 3.974.12
      '@aws-sdk/nested-clients': 3.997.10
      '@aws-sdk/types': 3.973.8
      '@smithy/core': 3.24.3
      '@smithy/types': 4.14.2
      tslib: 2.8.1

  '@aws-sdk/middleware-bucket-endpoint@3.972.14':
    dependencies:
      '@aws-sdk/core': 3.974.12
      '@aws-sdk/types': 3.973.8
      '@smithy/core': 3.24.3
      '@smithy/types': 4.14.2
      tslib: 2.8.1

  '@aws-sdk/middleware-expect-continue@3.972.12':
    dependencies:
      '@aws-sdk/types': 3.973.8
      '@smithy/core': 3.24.3
      '@smithy/types': 4.14.2
      tslib: 2.8.1

  '@aws-sdk/middleware-flexible-checksums@3.974.20':
    dependencies:
      '@aws-crypto/crc32': 5.2.0
      '@aws-crypto/crc32c': 5.2.0
      '@aws-crypto/util': 5.2.0
      '@aws-sdk/core': 3.974.12
      '@aws-sdk/crc64-nvme': 3.972.8
      '@aws-sdk/types': 3.973.8
      '@smithy/core': 3.24.3
      '@smithy/types': 4.14.2
      tslib: 2.8.1

  '@aws-sdk/middleware-location-constraint@3.972.10':
    dependencies:
      '@aws-sdk/types': 3.973.8
      '@smithy/types': 4.14.2
      tslib: 2.8.1

  '@aws-sdk/middleware-sdk-s3@3.972.41':
    dependencies:
      '@aws-sdk/core': 3.974.12
      '@aws-sdk/signature-v4-multi-region': 3.996.27
      '@aws-sdk/types': 3.973.8
      '@smithy/core': 3.24.3
      '@smithy/signature-v4': 5.4.3
      '@smithy/types': 4.14.2
      tslib: 2.8.1

  '@aws-sdk/middleware-ssec@3.972.10':
    dependencies:
      '@aws-sdk/types': 3.973.8
      '@smithy/types': 4.14.2
      tslib: 2.8.1

  '@aws-sdk/nested-clients@3.997.10':
    dependencies:
      '@aws-crypto/sha256-browser': 5.2.0
      '@aws-crypto/sha256-js': 5.2.0
      '@aws-sdk/core': 3.974.12
      '@aws-sdk/signature-v4-multi-region': 3.996.27
      '@aws-sdk/types': 3.973.8
      '@smithy/core': 3.24.3
      '@smithy/fetch-http-handler': 5.4.3
      '@smithy/node-http-handler': 4.7.3
      '@smithy/types': 4.14.2
      tslib: 2.8.1

  '@aws-sdk/signature-v4-multi-region@3.996.27':
    dependencies:
      '@aws-sdk/types': 3.973.8
      '@smithy/core': 3.24.3
      '@smithy/signature-v4': 5.4.3
      '@smithy/types': 4.14.2
      tslib: 2.8.1

  '@aws-sdk/token-providers@3.1049.0':
    dependencies:
      '@aws-sdk/core': 3.974.12
      '@aws-sdk/nested-clients': 3.997.10
      '@aws-sdk/types': 3.973.8
      '@smithy/core': 3.24.3
      '@smithy/types': 4.14.2
      tslib: 2.8.1

  '@aws-sdk/types@3.973.8':
    dependencies:
      '@smithy/types': 4.14.2
      tslib: 2.8.1

  '@aws-sdk/util-locate-window@3.965.5':
    dependencies:
      tslib: 2.8.1

  '@aws-sdk/xml-builder@3.972.24':
    dependencies:
      '@nodable/entities': 2.1.0
      '@smithy/types': 4.14.2
      fast-xml-parser: 5.7.3
      tslib: 2.8.1

  '@aws/lambda-invoke-store@0.2.4': {}

  '@codemirror/state@6.5.0':
    dependencies:
      '@marijn/find-cluster-break': 1.0.2

  '@codemirror/view@6.38.6':
    dependencies:
      '@codemirror/state': 6.5.0
      crelt: 1.0.6
      style-mod: 4.1.3
      w3c-keyname: 2.2.8

  '@emnapi/core@1.10.0':
    dependencies:
      '@emnapi/wasi-threads': 1.2.1
      tslib: 2.8.1
    optional: true

  '@emnapi/runtime@1.10.0':
    dependencies:
      tslib: 2.8.1
    optional: true

  '@emnapi/wasi-threads@1.2.1':
    dependencies:
      tslib: 2.8.1
    optional: true

  '@marijn/find-cluster-break@1.0.2': {}

  '@napi-rs/wasm-runtime@1.1.4(@emnapi/core@1.10.0)(@emnapi/runtime@1.10.0)':
    dependencies:
      '@emnapi/core': 1.10.0
      '@emnapi/runtime': 1.10.0
      '@tybys/wasm-util': 0.10.2
    optional: true

  '@nodable/entities@2.1.0': {}

  '@oxc-project/types@0.128.0': {}

  '@oxfmt/binding-android-arm-eabi@0.47.0':
    optional: true

  '@oxfmt/binding-android-arm64@0.47.0':
    optional: true

  '@oxfmt/binding-darwin-arm64@0.47.0':
    optional: true

  '@oxfmt/binding-darwin-x64@0.47.0':
    optional: true

  '@oxfmt/binding-freebsd-x64@0.47.0':
    optional: true

  '@oxfmt/binding-linux-arm-gnueabihf@0.47.0':
    optional: true

  '@oxfmt/binding-linux-arm-musleabihf@0.47.0':
    optional: true

  '@oxfmt/binding-linux-arm64-gnu@0.47.0':
    optional: true

  '@oxfmt/binding-linux-arm64-musl@0.47.0':
    optional: true

  '@oxfmt/binding-linux-ppc64-gnu@0.47.0':
    optional: true

  '@oxfmt/binding-linux-riscv64-gnu@0.47.0':
    optional: true

  '@oxfmt/binding-linux-riscv64-musl@0.47.0':
    optional: true

  '@oxfmt/binding-linux-s390x-gnu@0.47.0':
    optional: true

  '@oxfmt/binding-linux-x64-gnu@0.47.0':
    optional: true

  '@oxfmt/binding-linux-x64-musl@0.47.0':
    optional: true

  '@oxfmt/binding-openharmony-arm64@0.47.0':
    optional: true

  '@oxfmt/binding-win32-arm64-msvc@0.47.0':
    optional: true

  '@oxfmt/binding-win32-ia32-msvc@0.47.0':
    optional: true

  '@oxfmt/binding-win32-x64-msvc@0.47.0':
    optional: true

  '@oxlint/binding-android-arm-eabi@1.67.0':
    optional: true

  '@oxlint/binding-android-arm64@1.67.0':
    optional: true

  '@oxlint/binding-darwin-arm64@1.67.0':
    optional: true

  '@oxlint/binding-darwin-x64@1.67.0':
    optional: true

  '@oxlint/binding-freebsd-x64@1.67.0':
    optional: true

  '@oxlint/binding-linux-arm-gnueabihf@1.67.0':
    optional: true

  '@oxlint/binding-linux-arm-musleabihf@1.67.0':
    optional: true

  '@oxlint/binding-linux-arm64-gnu@1.67.0':
    optional: true

  '@oxlint/binding-linux-arm64-musl@1.67.0':
    optional: true

  '@oxlint/binding-linux-ppc64-gnu@1.67.0':
    optional: true

  '@oxlint/binding-linux-riscv64-gnu@1.67.0':
    optional: true

  '@oxlint/binding-linux-riscv64-musl@1.67.0':
    optional: true

  '@oxlint/binding-linux-s390x-gnu@1.67.0':
    optional: true

  '@oxlint/binding-linux-x64-gnu@1.67.0':
    optional: true

  '@oxlint/binding-linux-x64-musl@1.67.0':
    optional: true

  '@oxlint/binding-openharmony-arm64@1.67.0':
    optional: true

  '@oxlint/binding-win32-arm64-msvc@1.67.0':
    optional: true

  '@oxlint/binding-win32-ia32-msvc@1.67.0':
    optional: true

  '@oxlint/binding-win32-x64-msvc@1.67.0':
    optional: true

  '@rolldown/binding-android-arm64@1.0.0-rc.18':
    optional: true

  '@rolldown/binding-darwin-arm64@1.0.0-rc.18':
    optional: true

  '@rolldown/binding-darwin-x64@1.0.0-rc.18':
    optional: true

  '@rolldown/binding-freebsd-x64@1.0.0-rc.18':
    optional: true

  '@rolldown/binding-linux-arm-gnueabihf@1.0.0-rc.18':
    optional: true

  '@rolldown/binding-linux-arm64-gnu@1.0.0-rc.18':
    optional: true

  '@rolldown/binding-linux-arm64-musl@1.0.0-rc.18':
    optional: true

  '@rolldown/binding-linux-ppc64-gnu@1.0.0-rc.18':
    optional: true

  '@rolldown/binding-linux-s390x-gnu@1.0.0-rc.18':
    optional: true

  '@rolldown/binding-linux-x64-gnu@1.0.0-rc.18':
    optional: true

  '@rolldown/binding-linux-x64-musl@1.0.0-rc.18':
    optional: true

  '@rolldown/binding-openharmony-arm64@1.0.0-rc.18':
    optional: true

  '@rolldown/binding-wasm32-wasi@1.0.0-rc.18':
    dependencies:
      '@emnapi/core': 1.10.0
      '@emnapi/runtime': 1.10.0
      '@napi-rs/wasm-runtime': 1.1.4(@emnapi/core@1.10.0)(@emnapi/runtime@1.10.0)
    optional: true

  '@rolldown/binding-win32-arm64-msvc@1.0.0-rc.18':
    optional: true

  '@rolldown/binding-win32-x64-msvc@1.0.0-rc.18':
    optional: true

  '@rolldown/pluginutils@1.0.0-rc.18': {}

  '@smithy/core@3.24.3':
    dependencies:
      '@aws-crypto/crc32': 5.2.0
      '@smithy/types': 4.14.2
      tslib: 2.8.1

  '@smithy/credential-provider-imds@4.3.3':
    dependencies:
      '@smithy/core': 3.24.3
      '@smithy/types': 4.14.2
      tslib: 2.8.1

  '@smithy/fetch-http-handler@5.4.3':
    dependencies:
      '@smithy/core': 3.24.3
      '@smithy/types': 4.14.2
      tslib: 2.8.1

  '@smithy/is-array-buffer@2.2.0':
    dependencies:
      tslib: 2.8.1

  '@smithy/node-http-handler@4.7.3':
    dependencies:
      '@smithy/core': 3.24.3
      '@smithy/types': 4.14.2
      tslib: 2.8.1

  '@smithy/signature-v4@5.4.3':
    dependencies:
      '@smithy/core': 3.24.3
      '@smithy/types': 4.14.2
      tslib: 2.8.1

  '@smithy/types@4.14.2':
    dependencies:
      tslib: 2.8.1

  '@smithy/util-buffer-from@2.2.0':
    dependencies:
      '@smithy/is-array-buffer': 2.2.0
      tslib: 2.8.1

  '@smithy/util-utf8@2.3.0':
    dependencies:
      '@smithy/util-buffer-from': 2.2.0
      tslib: 2.8.1

  '@tybys/wasm-util@0.10.2':
    dependencies:
      tslib: 2.8.1
    optional: true

  '@types/codemirror@5.60.8':
    dependencies:
      '@types/tern': 0.23.9

  '@types/estree@1.0.9': {}

  '@types/node@24.12.4':
    dependencies:
      undici-types: 7.16.0

  '@types/tern@0.23.9':
    dependencies:
      '@types/estree': 1.0.9

  bowser@2.14.1: {}

  crelt@1.0.6: {}

  fast-xml-builder@1.2.0:
    dependencies:
      path-expression-matcher: 1.5.0
      xml-naming: 0.1.0

  fast-xml-parser@5.7.3:
    dependencies:
      '@nodable/entities': 2.1.0
      fast-xml-builder: 1.2.0
      path-expression-matcher: 1.5.0
      strnum: 2.3.0

  moment@2.29.4: {}

  obsidian@1.12.3(@codemirror/state@6.5.0)(@codemirror/view@6.38.6):
    dependencies:
      '@codemirror/state': 6.5.0
      '@codemirror/view': 6.38.6
      '@types/codemirror': 5.60.8
      moment: 2.29.4

  oxfmt@0.47.0:
    dependencies:
      tinypool: 2.1.0
    optionalDependencies:
      '@oxfmt/binding-android-arm-eabi': 0.47.0
      '@oxfmt/binding-android-arm64': 0.47.0
      '@oxfmt/binding-darwin-arm64': 0.47.0
      '@oxfmt/binding-darwin-x64': 0.47.0
      '@oxfmt/binding-freebsd-x64': 0.47.0
      '@oxfmt/binding-linux-arm-gnueabihf': 0.47.0
      '@oxfmt/binding-linux-arm-musleabihf': 0.47.0
      '@oxfmt/binding-linux-arm64-gnu': 0.47.0
      '@oxfmt/binding-linux-arm64-musl': 0.47.0
      '@oxfmt/binding-linux-ppc64-gnu': 0.47.0
      '@oxfmt/binding-linux-riscv64-gnu': 0.47.0
      '@oxfmt/binding-linux-riscv64-musl': 0.47.0
      '@oxfmt/binding-linux-s390x-gnu': 0.47.0
      '@oxfmt/binding-linux-x64-gnu': 0.47.0
      '@oxfmt/binding-linux-x64-musl': 0.47.0
      '@oxfmt/binding-openharmony-arm64': 0.47.0
      '@oxfmt/binding-win32-arm64-msvc': 0.47.0
      '@oxfmt/binding-win32-ia32-msvc': 0.47.0
      '@oxfmt/binding-win32-x64-msvc': 0.47.0

  oxlint@1.67.0:
    optionalDependencies:
      '@oxlint/binding-android-arm-eabi': 1.67.0
      '@oxlint/binding-android-arm64': 1.67.0
      '@oxlint/binding-darwin-arm64': 1.67.0
      '@oxlint/binding-darwin-x64': 1.67.0
      '@oxlint/binding-freebsd-x64': 1.67.0
      '@oxlint/binding-linux-arm-gnueabihf': 1.67.0
      '@oxlint/binding-linux-arm-musleabihf': 1.67.0
      '@oxlint/binding-linux-arm64-gnu': 1.67.0
      '@oxlint/binding-linux-arm64-musl': 1.67.0
      '@oxlint/binding-linux-ppc64-gnu': 1.67.0
      '@oxlint/binding-linux-riscv64-gnu': 1.67.0
      '@oxlint/binding-linux-riscv64-musl': 1.67.0
      '@oxlint/binding-linux-s390x-gnu': 1.67.0
      '@oxlint/binding-linux-x64-gnu': 1.67.0
      '@oxlint/binding-linux-x64-musl': 1.67.0
      '@oxlint/binding-openharmony-arm64': 1.67.0
      '@oxlint/binding-win32-arm64-msvc': 1.67.0
      '@oxlint/binding-win32-ia32-msvc': 1.67.0
      '@oxlint/binding-win32-x64-msvc': 1.67.0

  path-expression-matcher@1.5.0: {}

  rolldown@1.0.0-rc.18:
    dependencies:
      '@oxc-project/types': 0.128.0
      '@rolldown/pluginutils': 1.0.0-rc.18
    optionalDependencies:
      '@rolldown/binding-android-arm64': 1.0.0-rc.18
      '@rolldown/binding-darwin-arm64': 1.0.0-rc.18
      '@rolldown/binding-darwin-x64': 1.0.0-rc.18
      '@rolldown/binding-freebsd-x64': 1.0.0-rc.18
      '@rolldown/binding-linux-arm-gnueabihf': 1.0.0-rc.18
      '@rolldown/binding-linux-arm64-gnu': 1.0.0-rc.18
      '@rolldown/binding-linux-arm64-musl': 1.0.0-rc.18
      '@rolldown/binding-linux-ppc64-gnu': 1.0.0-rc.18
      '@rolldown/binding-linux-s390x-gnu': 1.0.0-rc.18
      '@rolldown/binding-linux-x64-gnu': 1.0.0-rc.18
      '@rolldown/binding-linux-x64-musl': 1.0.0-rc.18
      '@rolldown/binding-openharmony-arm64': 1.0.0-rc.18
      '@rolldown/binding-wasm32-wasi': 1.0.0-rc.18
      '@rolldown/binding-win32-arm64-msvc': 1.0.0-rc.18
      '@rolldown/binding-win32-x64-msvc': 1.0.0-rc.18

  strnum@2.3.0: {}

  style-mod@4.1.3: {}

  tinypool@2.1.0: {}

  tslib@2.8.1: {}

  typescript@5.9.3: {}

  undici-types@7.16.0: {}

  w3c-keyname@2.2.8: {}

  xml-naming@0.1.0: {}
